
Microsoft Visual Studio Solution File, Format Version 12.00
# Visual Studio Version 17
VisualStudioVersion = 17.7.34202.233
MinimumVisualStudioVersion = 10.0.40219.1
Project("{FAE04EC0-301F-11D3-BF4B-00C04F79EFBC}") = "WeatherAPI", "WeatherAPI.csproj", "{FBE32B5E-08EF-47DC-8055-F63F8FAF511F}"
EndProject
Global
	GlobalSection(SolutionConfigurationPlatforms) = preSolution
		Debug|Any CPU = Debug|Any CPU
		Release|Any CPU = Release|Any CPU
	EndGlobalSection
	GlobalSection(ProjectConfigurationPlatforms) = postSolution
		{FBE32B5E-08EF-47DC-8055-F63F8FAF511F}.Debug|Any CPU.ActiveCfg = Debug|Any CPU
		{FBE32B5E-08EF-47DC-8055-F63F8FAF511F}.Debug|Any CPU.Build.0 = Debug|Any CPU
		{FBE32B5E-08EF-47DC-8055-F63F8FAF511F}.Release|Any CPU.ActiveCfg = Release|Any CPU
		{FBE32B5E-08EF-47DC-8055-F63F8FAF511F}.Release|Any CPU.Build.0 = Release|Any CPU
	EndGlobalSection
	GlobalSection(SolutionProperties) = preSolution
		HideSolutionNode = FALSE
	EndGlobalSection
	GlobalSection(ExtensibilityGlobals) = postSolution
		SolutionGuid = {1B09F860-D3B9-4997-B1C7-A6C1C0B50A7E}
	EndGlobalSection
EndGlobal
